
Microsoft Visual Studio Solution File, Format Version 12.00
# Visual Studio Version 17
VisualStudioVersion = 17.11.35219.272
MinimumVisualStudioVersion = 10.0.40219.1
Project("{9A19103F-16F7-4668-BE54-9A1E7A4F7556}") = "Try1 None library", "Try1 None library\Try1 None library.csproj", "{6C3B533D-B90D-45F2-8755-B7CA22D9A667}"
EndProject
Project("{FAE04EC0-301F-11D3-BF4B-00C04F79EFBC}") = "Server", "Server\Server.csproj", "{29E331BE-5F41-40FB-931F-C0DE6F834687}"
EndProject
Project("{FAE04EC0-301F-11D3-BF4B-00C04F79EFBC}") = "clienttest", "clienttest\clienttest.csproj", "{23D2236E-2A27-48DD-9D35-C91242AEFA56}"
EndProject
Global
	GlobalSection(SolutionConfigurationPlatforms) = preSolution
		Debug|Any CPU = Debug|Any CPU
		Release|Any CPU = Release|Any CPU
	EndGlobalSection
	GlobalSection(ProjectConfigurationPlatforms) = postSolution
		{6C3B533D-B90D-45F2-8755-B7CA22D9A667}.Debug|Any CPU.ActiveCfg = Debug|Any CPU
		{6C3B533D-B90D-45F2-8755-B7CA22D9A667}.Debug|Any CPU.Build.0 = Debug|Any CPU
		{6C3B533D-B90D-45F2-8755-B7CA22D9A667}.Release|Any CPU.ActiveCfg = Release|Any CPU
		{6C3B533D-B90D-45F2-8755-B7CA22D9A667}.Release|Any CPU.Build.0 = Release|Any CPU
		{29E331BE-5F41-40FB-931F-C0DE6F834687}.Debug|Any CPU.ActiveCfg = Debug|Any CPU
		{29E331BE-5F41-40FB-931F-C0DE6F834687}.Debug|Any CPU.Build.0 = Debug|Any CPU
		{29E331BE-5F41-40FB-931F-C0DE6F834687}.Release|Any CPU.ActiveCfg = Release|Any CPU
		{29E331BE-5F41-40FB-931F-C0DE6F834687}.Release|Any CPU.Build.0 = Release|Any CPU
		{23D2236E-2A27-48DD-9D35-C91242AEFA56}.Debug|Any CPU.ActiveCfg = Debug|Any CPU
		{23D2236E-2A27-48DD-9D35-C91242AEFA56}.Debug|Any CPU.Build.0 = Debug|Any CPU
		{23D2236E-2A27-48DD-9D35-C91242AEFA56}.Release|Any CPU.ActiveCfg = Release|Any CPU
		{23D2236E-2A27-48DD-9D35-C91242AEFA56}.Release|Any CPU.Build.0 = Release|Any CPU
	EndGlobalSection
	GlobalSection(SolutionProperties) = preSolution
		HideSolutionNode = FALSE
	EndGlobalSection
	GlobalSection(ExtensibilityGlobals) = postSolution
		SolutionGuid = {57E2FB49-4980-4249-A382-A891884B3002}
	EndGlobalSection
EndGlobal
